// !$*UTF8*$!
{
	archiveVersion = 1;
	classes = {
	};
	objectVersion = 46;
	objects = {

/* Begin PBXBuildFile section */
		EE0ABB501615814300C6FA8F /* icon.png in Resources */ = {isa = PBXBuildFile; fileRef = EE0ABB4F1615814300C6FA8F /* icon.png */; };
		EE0ABB52161AC13800C6FA8F /* iTunesArtwork.png in Resources */ = {isa = PBXBuildFile; fileRef = EE0ABB51161AC13800C6FA8F /* iTunesArtwork.png */; };
		EE1025051676BF4600F1A837 /* iRate.m in Sources */ = {isa = PBXBuildFile; fileRef = EE1025041676BF4600F1A837 /* iRate.m */; };
		EE1025081676C42F00F1A837 /* StoreKit.framework in Frameworks */ = {isa = PBXBuildFile; fileRef = EE1025071676C42F00F1A837 /* StoreKit.framework */; settings = {ATTRIBUTES = (Weak, ); }; };
		EE10250B1676C50400F1A837 /* MoreViewController.m in Sources */ = {isa = PBXBuildFile; fileRef = EE10250A1676C50400F1A837 /* MoreViewController.m */; };
		EE10250E1676EE2600F1A837 /* FacebookTalker.m in Sources */ = {isa = PBXBuildFile; fileRef = EE10250D1676EE2600F1A837 /* FacebookTalker.m */; };
		EE102514167717C000F1A837 /* progress-bar-bg.png in Resources */ = {isa = PBXBuildFile; fileRef = EE102512167717C000F1A837 /* progress-bar-bg.png */; };
		EE102515167717C000F1A837 /* progress-bar-fill.png in Resources */ = {isa = PBXBuildFile; fileRef = EE102513167717C000F1A837 /* progress-bar-fill.png */; };
		EE10251A16771EEE00F1A837 /* greenblock.png in Resources */ = {isa = PBXBuildFile; fileRef = EE10251816771EEE00F1A837 /* greenblock.png */; };
		EE10251B16771EEE00F1A837 /* redblock.png in Resources */ = {isa = PBXBuildFile; fileRef = EE10251916771EEE00F1A837 /* redblock.png */; };
		EE10252016772CA100F1A837 /* Icon-Small.png in Resources */ = {isa = PBXBuildFile; fileRef = EE10251C16772CA000F1A837 /* Icon-Small.png */; };
		EE10252116772CA100F1A837 /* Icon-Small@2x.png in Resources */ = {isa = PBXBuildFile; fileRef = EE10251D16772CA000F1A837 /* Icon-Small@2x.png */; };
		EE10252216772CA100F1A837 /* Icon@2x.png in Resources */ = {isa = PBXBuildFile; fileRef = EE10251E16772CA000F1A837 /* Icon@2x.png */; };
		EE10252316772CA100F1A837 /* iTunesArtwork@2x.png in Resources */ = {isa = PBXBuildFile; fileRef = EE10251F16772CA000F1A837 /* iTunesArtwork@2x.png */; };
		EE1D731915E8C2A400CEF7C5 /* DecisionTableViewCell.xib in Resources */ = {isa = PBXBuildFile; fileRef = EE1D731815E8C2A400CEF7C5 /* DecisionTableViewCell.xib */; };
		EE1D731D15E8C40500CEF7C5 /* DecisionTableViewCell.m in Sources */ = {isa = PBXBuildFile; fileRef = EE1D731C15E8C40500CEF7C5 /* DecisionTableViewCell.m */; };
		EE1D732915EA478400CEF7C5 /* DecisionOnADay.m in Sources */ = {isa = PBXBuildFile; fileRef = EE1D732815EA478400CEF7C5 /* DecisionOnADay.m */; };
		EE1D732C15EDA63700CEF7C5 /* FilePersistence.m in Sources */ = {isa = PBXBuildFile; fileRef = EE1D732B15EDA63700CEF7C5 /* FilePersistence.m */; };
		EE1D732F15EE15FC00CEF7C5 /* DateUtil.m in Sources */ = {isa = PBXBuildFile; fileRef = EE1D732E15EE15FC00CEF7C5 /* DateUtil.m */; };
		EE29767216428695000330B4 /* HighlightsTableViewCell.m in Sources */ = {isa = PBXBuildFile; fileRef = EE29767116428695000330B4 /* HighlightsTableViewCell.m */; };
		EE29767716429376000330B4 /* DecisionHighlight.m in Sources */ = {isa = PBXBuildFile; fileRef = EE29767616429376000330B4 /* DecisionHighlight.m */; };
		EEA84B6E1635684800C5315F /* footer.png in Resources */ = {isa = PBXBuildFile; fileRef = EEA84B6D1635684800C5315F /* footer.png */; };
		EEA84B8F1637BD7900C5315F /* RecentDecisionTableViewController.m in Sources */ = {isa = PBXBuildFile; fileRef = EEA84B8E1637BD7900C5315F /* RecentDecisionTableViewController.m */; };
		EEB2DE75163C41E500D60277 /* DCRoundSwitch.m in Sources */ = {isa = PBXBuildFile; fileRef = EEB2DE6E163C41E500D60277 /* DCRoundSwitch.m */; settings = {COMPILER_FLAGS = "-fno-objc-arc"; }; };
		EEB2DE76163C41E500D60277 /* DCRoundSwitchKnobLayer.m in Sources */ = {isa = PBXBuildFile; fileRef = EEB2DE70163C41E500D60277 /* DCRoundSwitchKnobLayer.m */; settings = {COMPILER_FLAGS = "-fno-objc-arc"; }; };
		EEB2DE77163C41E500D60277 /* DCRoundSwitchOutlineLayer.m in Sources */ = {isa = PBXBuildFile; fileRef = EEB2DE72163C41E500D60277 /* DCRoundSwitchOutlineLayer.m */; settings = {COMPILER_FLAGS = "-fno-objc-arc"; }; };
		EEB2DE78163C41E500D60277 /* DCRoundSwitchToggleLayer.m in Sources */ = {isa = PBXBuildFile; fileRef = EEB2DE74163C41E500D60277 /* DCRoundSwitchToggleLayer.m */; settings = {COMPILER_FLAGS = "-fno-objc-arc"; }; };
		EEBC256715E7336800E9B704 /* UIKit.framework in Frameworks */ = {isa = PBXBuildFile; fileRef = EEBC256615E7336800E9B704 /* UIKit.framework */; };
		EEBC256915E7336800E9B704 /* Foundation.framework in Frameworks */ = {isa = PBXBuildFile; fileRef = EEBC256815E7336800E9B704 /* Foundation.framework */; };
		EEBC256B15E7336800E9B704 /* CoreGraphics.framework in Frameworks */ = {isa = PBXBuildFile; fileRef = EEBC256A15E7336800E9B704 /* CoreGraphics.framework */; };
		EEBC257115E7336800E9B704 /* InfoPlist.strings in Resources */ = {isa = PBXBuildFile; fileRef = EEBC256F15E7336800E9B704 /* InfoPlist.strings */; };
		EEBC257315E7336800E9B704 /* main.m in Sources */ = {isa = PBXBuildFile; fileRef = EEBC257215E7336800E9B704 /* main.m */; };
		EEBC257715E7336800E9B704 /* DecisionAppDelegate.m in Sources */ = {isa = PBXBuildFile; fileRef = EEBC257615E7336800E9B704 /* DecisionAppDelegate.m */; };
		EEBC257A15E7336800E9B704 /* MainStoryboard.storyboard in Resources */ = {isa = PBXBuildFile; fileRef = EEBC257815E7336800E9B704 /* MainStoryboard.storyboard */; };
		EEBC257D15E7336800E9B704 /* AddDecisionViewController.m in Sources */ = {isa = PBXBuildFile; fileRef = EEBC257C15E7336800E9B704 /* AddDecisionViewController.m */; };
		EEBDB54C162BF8890066CFC6 /* SenTestingKit.framework in Frameworks */ = {isa = PBXBuildFile; fileRef = EE0ABB391614386C00C6FA8F /* SenTestingKit.framework */; };
		EEBDB54D162BF8890066CFC6 /* UIKit.framework in Frameworks */ = {isa = PBXBuildFile; fileRef = EEBC256615E7336800E9B704 /* UIKit.framework */; };
		EEBDB54E162BF8890066CFC6 /* Foundation.framework in Frameworks */ = {isa = PBXBuildFile; fileRef = EEBC256815E7336800E9B704 /* Foundation.framework */; };
		EEBDB554162BF8890066CFC6 /* InfoPlist.strings in Resources */ = {isa = PBXBuildFile; fileRef = EEBDB552162BF8890066CFC6 /* InfoPlist.strings */; };
		EEBDB557162BF8890066CFC6 /* DateUtilTest.m in Sources */ = {isa = PBXBuildFile; fileRef = EEBDB556162BF8890066CFC6 /* DateUtilTest.m */; };
		EEBDB55C162BF8A20066CFC6 /* DateUtil.m in Sources */ = {isa = PBXBuildFile; fileRef = EE1D732E15EE15FC00CEF7C5 /* DateUtil.m */; };
		EEBDB560162C063E0066CFC6 /* QuartzCore.framework in Frameworks */ = {isa = PBXBuildFile; fileRef = EEC93D8715F2442E0009DF91 /* QuartzCore.framework */; };
		EEBDB561162C06560066CFC6 /* CoreGraphics.framework in Frameworks */ = {isa = PBXBuildFile; fileRef = EEBC256A15E7336800E9B704 /* CoreGraphics.framework */; };
		EEBDB562162C06A10066CFC6 /* DDayAttributionViewController.m in Sources */ = {isa = PBXBuildFile; fileRef = EEC93D8A15F24A4A0009DF91 /* DDayAttributionViewController.m */; };
		EEBDB571162ECB750066CFC6 /* FacebookSDK.framework in Frameworks */ = {isa = PBXBuildFile; fileRef = EEF5D70315F5CDB900151E6B /* FacebookSDK.framework */; };
		EEBEC36A15E77C7700D60DF5 /* DecisionTableViewController.m in Sources */ = {isa = PBXBuildFile; fileRef = EEBEC36915E77C7700D60DF5 /* DecisionTableViewController.m */; };
		EEBEC36E15E77D3B00D60DF5 /* Decision.m in Sources */ = {isa = PBXBuildFile; fileRef = EEBEC36D15E77D3B00D60DF5 /* Decision.m */; };
		EEBF87161674CB3B00E77AD7 /* Accounts.framework in Frameworks */ = {isa = PBXBuildFile; fileRef = EEBF87131674CB3B00E77AD7 /* Accounts.framework */; settings = {ATTRIBUTES = (Weak, ); }; };
		EEBF87171674CB3B00E77AD7 /* AdSupport.framework in Frameworks */ = {isa = PBXBuildFile; fileRef = EEBF87141674CB3B00E77AD7 /* AdSupport.framework */; settings = {ATTRIBUTES = (Weak, ); }; };
		EEBF87181674CB3B00E77AD7 /* Social.framework in Frameworks */ = {isa = PBXBuildFile; fileRef = EEBF87151674CB3B00E77AD7 /* Social.framework */; settings = {ATTRIBUTES = (Weak, ); }; };
		EEBF871B1675A59A00E77AD7 /* gavel.png in Resources */ = {isa = PBXBuildFile; fileRef = EEBF87191675A59A00E77AD7 /* gavel.png */; };
		EEBF871C1675A59A00E77AD7 /* scales.png in Resources */ = {isa = PBXBuildFile; fileRef = EEBF871A1675A59A00E77AD7 /* scales.png */; };
		EEBF87211675B44800E77AD7 /* compass.png in Resources */ = {isa = PBXBuildFile; fileRef = EEBF871F1675B44800E77AD7 /* compass.png */; };
		EEBF87221675B44800E77AD7 /* todo.png in Resources */ = {isa = PBXBuildFile; fileRef = EEBF87201675B44800E77AD7 /* todo.png */; };
		EEC93D8815F2442E0009DF91 /* QuartzCore.framework in Frameworks */ = {isa = PBXBuildFile; fileRef = EEC93D8715F2442E0009DF91 /* QuartzCore.framework */; };
		EEC93D8B15F24A4A0009DF91 /* DDayAttributionViewController.m in Sources */ = {isa = PBXBuildFile; fileRef = EEC93D8A15F24A4A0009DF91 /* DDayAttributionViewController.m */; };
		EECBF8CE1642ED0000E4B664 /* HighlightsTableViewCell.xib in Resources */ = {isa = PBXBuildFile; fileRef = EECBF8CD1642ED0000E4B664 /* HighlightsTableViewCell.xib */; };
		EECBF8D0164393B300E4B664 /* what.png in Resources */ = {isa = PBXBuildFile; fileRef = EECBF8CF164393B300E4B664 /* what.png */; };
		EECBF8DC1643A9A100E4B664 /* button.png in Resources */ = {isa = PBXBuildFile; fileRef = EECBF8DB1643A9A100E4B664 /* button.png */; };
		EECBF8E0164A92D900E4B664 /* Default-568h@2x.png in Resources */ = {isa = PBXBuildFile; fileRef = EECBF8DD164A92D900E4B664 /* Default-568h@2x.png */; };
		EECBF8E1164A92D900E4B664 /* Default.png in Resources */ = {isa = PBXBuildFile; fileRef = EECBF8DE164A92D900E4B664 /* Default.png */; };
		EECBF8E2164A92D900E4B664 /* Default@2x.png in Resources */ = {isa = PBXBuildFile; fileRef = EECBF8DF164A92D900E4B664 /* Default@2x.png */; };
		EECBF8E4164A9A7E00E4B664 /* background.png in Resources */ = {isa = PBXBuildFile; fileRef = EECBF8E3164A9A7E00E4B664 /* background.png */; };
		EEF4A02A15E7AF95009909A8 /* LoginViewController.m in Sources */ = {isa = PBXBuildFile; fileRef = EEF4A02915E7AF95009909A8 /* LoginViewController.m */; };
		EEF5D70415F5CDB900151E6B /* FacebookSDK.framework in Frameworks */ = {isa = PBXBuildFile; fileRef = EEF5D70315F5CDB900151E6B /* FacebookSDK.framework */; };
		EEF5D70615F5CE4700151E6B /* FacebookSDKResources.bundle in Resources */ = {isa = PBXBuildFile; fileRef = EEF5D70515F5CE4700151E6B /* FacebookSDKResources.bundle */; };
/* End PBXBuildFile section */

/* Begin PBXFileReference section */
		EE0ABB391614386C00C6FA8F /* SenTestingKit.framework */ = {isa = PBXFileReference; lastKnownFileType = wrapper.framework; name = SenTestingKit.framework; path = Library/Frameworks/SenTestingKit.framework; sourceTree = DEVELOPER_DIR; };
		EE0ABB4F1615814300C6FA8F /* icon.png */ = {isa = PBXFileReference; lastKnownFileType = image.png; path = icon.png; sourceTree = "<group>"; };
		EE0ABB51161AC13800C6FA8F /* iTunesArtwork.png */ = {isa = PBXFileReference; lastKnownFileType = image.png; path = iTunesArtwork.png; sourceTree = "<group>"; };
		EE1025031676BF4600F1A837 /* iRate.h */ = {isa = PBXFileReference; fileEncoding = 4; lastKnownFileType = sourcecode.c.h; path = iRate.h; sourceTree = "<group>"; };
		EE1025041676BF4600F1A837 /* iRate.m */ = {isa = PBXFileReference; fileEncoding = 4; lastKnownFileType = sourcecode.c.objc; path = iRate.m; sourceTree = "<group>"; };
		EE1025071676C42F00F1A837 /* StoreKit.framework */ = {isa = PBXFileReference; lastKnownFileType = wrapper.framework; name = StoreKit.framework; path = System/Library/Frameworks/StoreKit.framework; sourceTree = SDKROOT; };
		EE1025091676C50400F1A837 /* MoreViewController.h */ = {isa = PBXFileReference; fileEncoding = 4; lastKnownFileType = sourcecode.c.h; path = MoreViewController.h; sourceTree = "<group>"; };
		EE10250A1676C50400F1A837 /* MoreViewController.m */ = {isa = PBXFileReference; fileEncoding = 4; lastKnownFileType = sourcecode.c.objc; path = MoreViewController.m; sourceTree = "<group>"; };
		EE10250C1676EE2600F1A837 /* FacebookTalker.h */ = {isa = PBXFileReference; fileEncoding = 4; lastKnownFileType = sourcecode.c.h; path = FacebookTalker.h; sourceTree = "<group>"; };
		EE10250D1676EE2600F1A837 /* FacebookTalker.m */ = {isa = PBXFileReference; fileEncoding = 4; lastKnownFileType = sourcecode.c.objc; path = FacebookTalker.m; sourceTree = "<group>"; };
		EE102512167717C000F1A837 /* progress-bar-bg.png */ = {isa = PBXFileReference; lastKnownFileType = image.png; path = "progress-bar-bg.png"; sourceTree = "<group>"; };
		EE102513167717C000F1A837 /* progress-bar-fill.png */ = {isa = PBXFileReference; lastKnownFileType = image.png; path = "progress-bar-fill.png"; sourceTree = "<group>"; };
		EE10251816771EEE00F1A837 /* greenblock.png */ = {isa = PBXFileReference; lastKnownFileType = image.png; path = greenblock.png; sourceTree = "<group>"; };
		EE10251916771EEE00F1A837 /* redblock.png */ = {isa = PBXFileReference; lastKnownFileType = image.png; path = redblock.png; sourceTree = "<group>"; };
		EE10251C16772CA000F1A837 /* Icon-Small.png */ = {isa = PBXFileReference; lastKnownFileType = image.png; path = "Icon-Small.png"; sourceTree = "<group>"; };
		EE10251D16772CA000F1A837 /* Icon-Small@2x.png */ = {isa = PBXFileReference; lastKnownFileType = image.png; path = "Icon-Small@2x.png"; sourceTree = "<group>"; };
		EE10251E16772CA000F1A837 /* Icon@2x.png */ = {isa = PBXFileReference; lastKnownFileType = image.png; path = "Icon@2x.png"; sourceTree = "<group>"; };
		EE10251F16772CA000F1A837 /* iTunesArtwork@2x.png */ = {isa = PBXFileReference; lastKnownFileType = image.png; path = "iTunesArtwork@2x.png"; sourceTree = "<group>"; };
		EE1D731815E8C2A400CEF7C5 /* DecisionTableViewCell.xib */ = {isa = PBXFileReference; fileEncoding = 4; lastKnownFileType = file.xib; path = DecisionTableViewCell.xib; sourceTree = "<group>"; };
		EE1D731B15E8C40500CEF7C5 /* DecisionTableViewCell.h */ = {isa = PBXFileReference; fileEncoding = 4; lastKnownFileType = sourcecode.c.h; path = DecisionTableViewCell.h; sourceTree = "<group>"; };
		EE1D731C15E8C40500CEF7C5 /* DecisionTableViewCell.m */ = {isa = PBXFileReference; fileEncoding = 4; lastKnownFileType = sourcecode.c.objc; path = DecisionTableViewCell.m; sourceTree = "<group>"; };
		EE1D732715EA478400CEF7C5 /* DecisionOnADay.h */ = {isa = PBXFileReference; fileEncoding = 4; lastKnownFileType = sourcecode.c.h; path = DecisionOnADay.h; sourceTree = "<group>"; };
		EE1D732815EA478400CEF7C5 /* DecisionOnADay.m */ = {isa = PBXFileReference; fileEncoding = 4; lastKnownFileType = sourcecode.c.objc; path = DecisionOnADay.m; sourceTree = "<group>"; };
		EE1D732A15EDA63700CEF7C5 /* FilePersistence.h */ = {isa = PBXFileReference; fileEncoding = 4; lastKnownFileType = sourcecode.c.h; path = FilePersistence.h; sourceTree = "<group>"; };
		EE1D732B15EDA63700CEF7C5 /* FilePersistence.m */ = {isa = PBXFileReference; fileEncoding = 4; lastKnownFileType = sourcecode.c.objc; path = FilePersistence.m; sourceTree = "<group>"; };
		EE1D732D15EE15FC00CEF7C5 /* DateUtil.h */ = {isa = PBXFileReference; fileEncoding = 4; lastKnownFileType = sourcecode.c.h; path = DateUtil.h; sourceTree = "<group>"; };
		EE1D732E15EE15FC00CEF7C5 /* DateUtil.m */ = {isa = PBXFileReference; fileEncoding = 4; lastKnownFileType = sourcecode.c.objc; path = DateUtil.m; sourceTree = "<group>"; };
		EE29767016428695000330B4 /* HighlightsTableViewCell.h */ = {isa = PBXFileReference; fileEncoding = 4; lastKnownFileType = sourcecode.c.h; path = HighlightsTableViewCell.h; sourceTree = "<group>"; };
		EE29767116428695000330B4 /* HighlightsTableViewCell.m */ = {isa = PBXFileReference; fileEncoding = 4; lastKnownFileType = sourcecode.c.objc; path = HighlightsTableViewCell.m; sourceTree = "<group>"; };
		EE29767516429375000330B4 /* DecisionHighlight.h */ = {isa = PBXFileReference; fileEncoding = 4; lastKnownFileType = sourcecode.c.h; path = DecisionHighlight.h; sourceTree = "<group>"; };
		EE29767616429376000330B4 /* DecisionHighlight.m */ = {isa = PBXFileReference; fileEncoding = 4; lastKnownFileType = sourcecode.c.objc; path = DecisionHighlight.m; sourceTree = "<group>"; };
		EEA84B6D1635684800C5315F /* footer.png */ = {isa = PBXFileReference; lastKnownFileType = image.png; path = footer.png; sourceTree = "<group>"; };
		EEA84B8D1637BD7900C5315F /* RecentDecisionTableViewController.h */ = {isa = PBXFileReference; fileEncoding = 4; lastKnownFileType = sourcecode.c.h; path = RecentDecisionTableViewController.h; sourceTree = "<group>"; };
		EEA84B8E1637BD7900C5315F /* RecentDecisionTableViewController.m */ = {isa = PBXFileReference; fileEncoding = 4; lastKnownFileType = sourcecode.c.objc; path = RecentDecisionTableViewController.m; sourceTree = "<group>"; };
		EEB2DE6D163C41E500D60277 /* DCRoundSwitch.h */ = {isa = PBXFileReference; fileEncoding = 4; lastKnownFileType = sourcecode.c.h; path = DCRoundSwitch.h; sourceTree = "<group>"; };
		EEB2DE6E163C41E500D60277 /* DCRoundSwitch.m */ = {isa = PBXFileReference; fileEncoding = 4; lastKnownFileType = sourcecode.c.objc; path = DCRoundSwitch.m; sourceTree = "<group>"; };
		EEB2DE6F163C41E500D60277 /* DCRoundSwitchKnobLayer.h */ = {isa = PBXFileReference; fileEncoding = 4; lastKnownFileType = sourcecode.c.h; path = DCRoundSwitchKnobLayer.h; sourceTree = "<group>"; };
		EEB2DE70163C41E500D60277 /* DCRoundSwitchKnobLayer.m */ = {isa = PBXFileReference; fileEncoding = 4; lastKnownFileType = sourcecode.c.objc; path = DCRoundSwitchKnobLayer.m; sourceTree = "<group>"; };
		EEB2DE71163C41E500D60277 /* DCRoundSwitchOutlineLayer.h */ = {isa = PBXFileReference; fileEncoding = 4; lastKnownFileType = sourcecode.c.h; path = DCRoundSwitchOutlineLayer.h; sourceTree = "<group>"; };
		EEB2DE72163C41E500D60277 /* DCRoundSwitchOutlineLayer.m */ = {isa = PBXFileReference; fileEncoding = 4; lastKnownFileType = sourcecode.c.objc; path = DCRoundSwitchOutlineLayer.m; sourceTree = "<group>"; };
		EEB2DE73163C41E500D60277 /* DCRoundSwitchToggleLayer.h */ = {isa = PBXFileReference; fileEncoding = 4; lastKnownFileType = sourcecode.c.h; path = DCRoundSwitchToggleLayer.h; sourceTree = "<group>"; };
		EEB2DE74163C41E500D60277 /* DCRoundSwitchToggleLayer.m */ = {isa = PBXFileReference; fileEncoding = 4; lastKnownFileType = sourcecode.c.objc; path = DCRoundSwitchToggleLayer.m; sourceTree = "<group>"; };
		EEBC256215E7336800E9B704 /* Dezide.app */ = {isa = PBXFileReference; explicitFileType = wrapper.application; includeInIndex = 0; path = Dezide.app; sourceTree = BUILT_PRODUCTS_DIR; };
		EEBC256615E7336800E9B704 /* UIKit.framework */ = {isa = PBXFileReference; lastKnownFileType = wrapper.framework; name = UIKit.framework; path = System/Library/Frameworks/UIKit.framework; sourceTree = SDKROOT; };
		EEBC256815E7336800E9B704 /* Foundation.framework */ = {isa = PBXFileReference; lastKnownFileType = wrapper.framework; name = Foundation.framework; path = System/Library/Frameworks/Foundation.framework; sourceTree = SDKROOT; };
		EEBC256A15E7336800E9B704 /* CoreGraphics.framework */ = {isa = PBXFileReference; lastKnownFileType = wrapper.framework; name = CoreGraphics.framework; path = System/Library/Frameworks/CoreGraphics.framework; sourceTree = SDKROOT; };
		EEBC256E15E7336800E9B704 /* DecisionBuddy-Info.plist */ = {isa = PBXFileReference; lastKnownFileType = text.plist.xml; path = "DecisionBuddy-Info.plist"; sourceTree = "<group>"; };
		EEBC257015E7336800E9B704 /* en */ = {isa = PBXFileReference; lastKnownFileType = text.plist.strings; name = en; path = en.lproj/InfoPlist.strings; sourceTree = "<group>"; };
		EEBC257215E7336800E9B704 /* main.m */ = {isa = PBXFileReference; lastKnownFileType = sourcecode.c.objc; path = main.m; sourceTree = "<group>"; };
		EEBC257415E7336800E9B704 /* DecisionBuddy-Prefix.pch */ = {isa = PBXFileReference; lastKnownFileType = sourcecode.c.h; path = "DecisionBuddy-Prefix.pch"; sourceTree = "<group>"; };
		EEBC257515E7336800E9B704 /* DecisionAppDelegate.h */ = {isa = PBXFileReference; lastKnownFileType = sourcecode.c.h; path = DecisionAppDelegate.h; sourceTree = "<group>"; };
		EEBC257615E7336800E9B704 /* DecisionAppDelegate.m */ = {isa = PBXFileReference; lastKnownFileType = sourcecode.c.objc; path = DecisionAppDelegate.m; sourceTree = "<group>"; };
		EEBC257915E7336800E9B704 /* en */ = {isa = PBXFileReference; lastKnownFileType = file.storyboard; name = en; path = en.lproj/MainStoryboard.storyboard; sourceTree = "<group>"; };
		EEBC257B15E7336800E9B704 /* AddDecisionViewController.h */ = {isa = PBXFileReference; lastKnownFileType = sourcecode.c.h; path = AddDecisionViewController.h; sourceTree = "<group>"; };
		EEBC257C15E7336800E9B704 /* AddDecisionViewController.m */ = {isa = PBXFileReference; lastKnownFileType = sourcecode.c.objc; path = AddDecisionViewController.m; sourceTree = "<group>"; };
		EEBDB54B162BF8890066CFC6 /* DecisionTests.octest */ = {isa = PBXFileReference; explicitFileType = wrapper.cfbundle; includeInIndex = 0; path = DecisionTests.octest; sourceTree = BUILT_PRODUCTS_DIR; };
		EEBDB551162BF8890066CFC6 /* DecisionTests-Info.plist */ = {isa = PBXFileReference; lastKnownFileType = text.plist.xml; path = "DecisionTests-Info.plist"; sourceTree = "<group>"; };
		EEBDB553162BF8890066CFC6 /* en */ = {isa = PBXFileReference; lastKnownFileType = text.plist.strings; name = en; path = en.lproj/InfoPlist.strings; sourceTree = "<group>"; };
		EEBDB555162BF8890066CFC6 /* DateUtilTest.h */ = {isa = PBXFileReference; lastKnownFileType = sourcecode.c.h; path = DateUtilTest.h; sourceTree = "<group>"; };
		EEBDB556162BF8890066CFC6 /* DateUtilTest.m */ = {isa = PBXFileReference; lastKnownFileType = sourcecode.c.objc; path = DateUtilTest.m; sourceTree = "<group>"; };
		EEBDB558162BF8890066CFC6 /* DecisionTests-Prefix.pch */ = {isa = PBXFileReference; lastKnownFileType = sourcecode.c.h; path = "DecisionTests-Prefix.pch"; sourceTree = "<group>"; };
		EEBEC36815E77C7700D60DF5 /* DecisionTableViewController.h */ = {isa = PBXFileReference; fileEncoding = 4; lastKnownFileType = sourcecode.c.h; path = DecisionTableViewController.h; sourceTree = "<group>"; };
		EEBEC36915E77C7700D60DF5 /* DecisionTableViewController.m */ = {isa = PBXFileReference; fileEncoding = 4; lastKnownFileType = sourcecode.c.objc; path = DecisionTableViewController.m; sourceTree = "<group>"; };
		EEBEC36C15E77D3B00D60DF5 /* Decision.h */ = {isa = PBXFileReference; fileEncoding = 4; lastKnownFileType = sourcecode.c.h; path = Decision.h; sourceTree = "<group>"; };
		EEBEC36D15E77D3B00D60DF5 /* Decision.m */ = {isa = PBXFileReference; fileEncoding = 4; lastKnownFileType = sourcecode.c.objc; path = Decision.m; sourceTree = "<group>"; };
		EEBF87131674CB3B00E77AD7 /* Accounts.framework */ = {isa = PBXFileReference; lastKnownFileType = wrapper.framework; name = Accounts.framework; path = System/Library/Frameworks/Accounts.framework; sourceTree = SDKROOT; };
		EEBF87141674CB3B00E77AD7 /* AdSupport.framework */ = {isa = PBXFileReference; lastKnownFileType = wrapper.framework; name = AdSupport.framework; path = System/Library/Frameworks/AdSupport.framework; sourceTree = SDKROOT; };
		EEBF87151674CB3B00E77AD7 /* Social.framework */ = {isa = PBXFileReference; lastKnownFileType = wrapper.framework; name = Social.framework; path = System/Library/Frameworks/Social.framework; sourceTree = SDKROOT; };
		EEBF87191675A59A00E77AD7 /* gavel.png */ = {isa = PBXFileReference; lastKnownFileType = image.png; path = gavel.png; sourceTree = "<group>"; };
		EEBF871A1675A59A00E77AD7 /* scales.png */ = {isa = PBXFileReference; lastKnownFileType = image.png; path = scales.png; sourceTree = "<group>"; };
		EEBF871F1675B44800E77AD7 /* compass.png */ = {isa = PBXFileReference; lastKnownFileType = image.png; path = compass.png; sourceTree = "<group>"; };
		EEBF87201675B44800E77AD7 /* todo.png */ = {isa = PBXFileReference; lastKnownFileType = image.png; path = todo.png; sourceTree = "<group>"; };
		EEC93D8715F2442E0009DF91 /* QuartzCore.framework */ = {isa = PBXFileReference; lastKnownFileType = wrapper.framework; name = QuartzCore.framework; path = System/Library/Frameworks/QuartzCore.framework; sourceTree = SDKROOT; };
		EEC93D8915F24A4A0009DF91 /* DDayAttributionViewController.h */ = {isa = PBXFileReference; fileEncoding = 4; lastKnownFileType = sourcecode.c.h; path = DDayAttributionViewController.h; sourceTree = "<group>"; };
		EEC93D8A15F24A4A0009DF91 /* DDayAttributionViewController.m */ = {isa = PBXFileReference; fileEncoding = 4; lastKnownFileType = sourcecode.c.objc; path = DDayAttributionViewController.m; sourceTree = "<group>"; };
		EECBF8CD1642ED0000E4B664 /* HighlightsTableViewCell.xib */ = {isa = PBXFileReference; fileEncoding = 4; lastKnownFileType = file.xib; path = HighlightsTableViewCell.xib; sourceTree = "<group>"; };
		EECBF8CF164393B300E4B664 /* what.png */ = {isa = PBXFileReference; lastKnownFileType = image.png; path = what.png; sourceTree = "<group>"; };
		EECBF8DB1643A9A100E4B664 /* button.png */ = {isa = PBXFileReference; lastKnownFileType = image.png; path = button.png; sourceTree = "<group>"; };
		EECBF8DD164A92D900E4B664 /* Default-568h@2x.png */ = {isa = PBXFileReference; lastKnownFileType = image.png; path = "Default-568h@2x.png"; sourceTree = "<group>"; };
		EECBF8DE164A92D900E4B664 /* Default.png */ = {isa = PBXFileReference; lastKnownFileType = image.png; path = Default.png; sourceTree = "<group>"; };
		EECBF8DF164A92D900E4B664 /* Default@2x.png */ = {isa = PBXFileReference; lastKnownFileType = image.png; path = "Default@2x.png"; sourceTree = "<group>"; };
		EECBF8E3164A9A7E00E4B664 /* background.png */ = {isa = PBXFileReference; lastKnownFileType = image.png; path = background.png; sourceTree = "<group>"; };
		EEF4A02815E7AF95009909A8 /* LoginViewController.h */ = {isa = PBXFileReference; fileEncoding = 4; lastKnownFileType = sourcecode.c.h; path = LoginViewController.h; sourceTree = "<group>"; };
		EEF4A02915E7AF95009909A8 /* LoginViewController.m */ = {isa = PBXFileReference; fileEncoding = 4; lastKnownFileType = sourcecode.c.objc; path = LoginViewController.m; sourceTree = "<group>"; };
		EEF5D70315F5CDB900151E6B /* FacebookSDK.framework */ = {isa = PBXFileReference; lastKnownFileType = wrapper.framework; name = FacebookSDK.framework; path = ../../Documents/FacebookSDK/FacebookSDK.framework; sourceTree = "<group>"; };
		EEF5D70515F5CE4700151E6B /* FacebookSDKResources.bundle */ = {isa = PBXFileReference; lastKnownFileType = "wrapper.plug-in"; name = FacebookSDKResources.bundle; path = ../../Documents/FacebookSDK/FacebookSDK.framework/Versions/A/Resources/FacebookSDKResources.bundle; sourceTree = "<group>"; };
/* End PBXFileReference section */

/* Begin PBXFrameworksBuildPhase section */
		EEBC255F15E7336800E9B704 /* Frameworks */ = {
			isa = PBXFrameworksBuildPhase;
			buildActionMask = 2147483647;
			files = (
				EE1025081676C42F00F1A837 /* StoreKit.framework in Frameworks */,
				EEBF87161674CB3B00E77AD7 /* Accounts.framework in Frameworks */,
				EEBF87171674CB3B00E77AD7 /* AdSupport.framework in Frameworks */,
				EEBF87181674CB3B00E77AD7 /* Social.framework in Frameworks */,
				EEC93D8815F2442E0009DF91 /* QuartzCore.framework in Frameworks */,
				EEBC256715E7336800E9B704 /* UIKit.framework in Frameworks */,
				EEBC256915E7336800E9B704 /* Foundation.framework in Frameworks */,
				EEBC256B15E7336800E9B704 /* CoreGraphics.framework in Frameworks */,
				EEF5D70415F5CDB900151E6B /* FacebookSDK.framework in Frameworks */,
			);
			runOnlyForDeploymentPostprocessing = 0;
		};
		EEBDB547162BF8890066CFC6 /* Frameworks */ = {
			isa = PBXFrameworksBuildPhase;
			buildActionMask = 2147483647;
			files = (
				EEBDB571162ECB750066CFC6 /* FacebookSDK.framework in Frameworks */,
				EEBDB561162C06560066CFC6 /* CoreGraphics.framework in Frameworks */,
				EEBDB560162C063E0066CFC6 /* QuartzCore.framework in Frameworks */,
				EEBDB54C162BF8890066CFC6 /* SenTestingKit.framework in Frameworks */,
				EEBDB54D162BF8890066CFC6 /* UIKit.framework in Frameworks */,
				EEBDB54E162BF8890066CFC6 /* Foundation.framework in Frameworks */,
			);
			runOnlyForDeploymentPostprocessing = 0;
		};
/* End PBXFrameworksBuildPhase section */

/* Begin PBXGroup section */
		EE1025061676BF4C00F1A837 /* iRate */ = {
			isa = PBXGroup;
			children = (
				EE1025031676BF4600F1A837 /* iRate.h */,
				EE1025041676BF4600F1A837 /* iRate.m */,
			);
			name = iRate;
			sourceTree = "<group>";
		};
		EE102516167717EE00F1A837 /* Domain */ = {
			isa = PBXGroup;
			children = (
				EE1D732715EA478400CEF7C5 /* DecisionOnADay.h */,
				EE1D732815EA478400CEF7C5 /* DecisionOnADay.m */,
				EEBEC36C15E77D3B00D60DF5 /* Decision.h */,
				EEBEC36D15E77D3B00D60DF5 /* Decision.m */,
				EE29767516429375000330B4 /* DecisionHighlight.h */,
				EE29767616429376000330B4 /* DecisionHighlight.m */,
			);
			name = Domain;
			sourceTree = "<group>";
		};
		EE1025171677180600F1A837 /* Util */ = {
			isa = PBXGroup;
			children = (
				EE10250C1676EE2600F1A837 /* FacebookTalker.h */,
				EE10250D1676EE2600F1A837 /* FacebookTalker.m */,
				EE1D732D15EE15FC00CEF7C5 /* DateUtil.h */,
				EE1D732E15EE15FC00CEF7C5 /* DateUtil.m */,
				EE1D732A15EDA63700CEF7C5 /* FilePersistence.h */,
				EE1D732B15EDA63700CEF7C5 /* FilePersistence.m */,
			);
			name = Util;
			sourceTree = "<group>";
		};
		EE1D732615E918C400CEF7C5 /* images */ = {
			isa = PBXGroup;
			children = (
				EE0ABB4F1615814300C6FA8F /* icon.png */,
				EE10251C16772CA000F1A837 /* Icon-Small.png */,
				EE10251D16772CA000F1A837 /* Icon-Small@2x.png */,
				EE10251E16772CA000F1A837 /* Icon@2x.png */,
				EE10251F16772CA000F1A837 /* iTunesArtwork@2x.png */,
				EE10251816771EEE00F1A837 /* greenblock.png */,
				EE10251916771EEE00F1A837 /* redblock.png */,
				EE102512167717C000F1A837 /* progress-bar-bg.png */,
				EE102513167717C000F1A837 /* progress-bar-fill.png */,
				EEBF871F1675B44800E77AD7 /* compass.png */,
				EEBF87201675B44800E77AD7 /* todo.png */,
				EEBF87191675A59A00E77AD7 /* gavel.png */,
				EEBF871A1675A59A00E77AD7 /* scales.png */,
				EECBF8E3164A9A7E00E4B664 /* background.png */,
				EECBF8DD164A92D900E4B664 /* Default-568h@2x.png */,
				EECBF8DE164A92D900E4B664 /* Default.png */,
				EECBF8DF164A92D900E4B664 /* Default@2x.png */,
				EECBF8DB1643A9A100E4B664 /* button.png */,
				EECBF8CF164393B300E4B664 /* what.png */,
				EE0ABB51161AC13800C6FA8F /* iTunesArtwork.png */,
				EEA84B6D1635684800C5315F /* footer.png */,
			);
			name = images;
			sourceTree = "<group>";
		};
		EE3BDC37163526960024BBB3 /* DCRoundSwitch */ = {
			isa = PBXGroup;
			children = (
				EEB2DE6D163C41E500D60277 /* DCRoundSwitch.h */,
				EEB2DE6E163C41E500D60277 /* DCRoundSwitch.m */,
				EEB2DE6F163C41E500D60277 /* DCRoundSwitchKnobLayer.h */,
				EEB2DE70163C41E500D60277 /* DCRoundSwitchKnobLayer.m */,
				EEB2DE71163C41E500D60277 /* DCRoundSwitchOutlineLayer.h */,
				EEB2DE72163C41E500D60277 /* DCRoundSwitchOutlineLayer.m */,
				EEB2DE73163C41E500D60277 /* DCRoundSwitchToggleLayer.h */,
				EEB2DE74163C41E500D60277 /* DCRoundSwitchToggleLayer.m */,
			);
			name = DCRoundSwitch;
			sourceTree = "<group>";
		};
		EEBC255715E7336800E9B704 = {
			isa = PBXGroup;
			children = (
				EEBC256C15E7336800E9B704 /* DecisionBuddy */,
				EEBDB54F162BF8890066CFC6 /* DecisionTests */,
				EEBC256515E7336800E9B704 /* Frameworks */,
				EEBC256315E7336800E9B704 /* Products */,
			);
			sourceTree = "<group>";
		};
		EEBC256315E7336800E9B704 /* Products */ = {
			isa = PBXGroup;
			children = (
				EEBC256215E7336800E9B704 /* Dezide.app */,
				EEBDB54B162BF8890066CFC6 /* DecisionTests.octest */,
			);
			name = Products;
			sourceTree = "<group>";
		};
		EEBC256515E7336800E9B704 /* Frameworks */ = {
			isa = PBXGroup;
			children = (
				EE1025071676C42F00F1A837 /* StoreKit.framework */,
				EEC93D8715F2442E0009DF91 /* QuartzCore.framework */,
				EEBF87131674CB3B00E77AD7 /* Accounts.framework */,
				EEBF87141674CB3B00E77AD7 /* AdSupport.framework */,
				EEBF87151674CB3B00E77AD7 /* Social.framework */,
				EEF5D70515F5CE4700151E6B /* FacebookSDKResources.bundle */,
				EEF5D70315F5CDB900151E6B /* FacebookSDK.framework */,
				EEBC256615E7336800E9B704 /* UIKit.framework */,
				EEBC256815E7336800E9B704 /* Foundation.framework */,
				EEBC256A15E7336800E9B704 /* CoreGraphics.framework */,
				EE0ABB391614386C00C6FA8F /* SenTestingKit.framework */,
			);
			name = Frameworks;
			sourceTree = "<group>";
		};
		EEBC256C15E7336800E9B704 /* DecisionBuddy */ = {
			isa = PBXGroup;
			children = (
				EE1025171677180600F1A837 /* Util */,
				EE1025061676BF4C00F1A837 /* iRate */,
				EEA84B8D1637BD7900C5315F /* RecentDecisionTableViewController.h */,
				EEA84B8E1637BD7900C5315F /* RecentDecisionTableViewController.m */,
				EE3BDC37163526960024BBB3 /* DCRoundSwitch */,
				EE102516167717EE00F1A837 /* Domain */,
				EE1D731815E8C2A400CEF7C5 /* DecisionTableViewCell.xib */,
				EE1D731B15E8C40500CEF7C5 /* DecisionTableViewCell.h */,
				EECBF8CD1642ED0000E4B664 /* HighlightsTableViewCell.xib */,
				EE29767016428695000330B4 /* HighlightsTableViewCell.h */,
				EE29767116428695000330B4 /* HighlightsTableViewCell.m */,
				EE1D731C15E8C40500CEF7C5 /* DecisionTableViewCell.m */,
				EEF4A02815E7AF95009909A8 /* LoginViewController.h */,
				EEF4A02915E7AF95009909A8 /* LoginViewController.m */,
				EEBC257515E7336800E9B704 /* DecisionAppDelegate.h */,
				EEBC257615E7336800E9B704 /* DecisionAppDelegate.m */,
				EEBEC36815E77C7700D60DF5 /* DecisionTableViewController.h */,
				EEBEC36915E77C7700D60DF5 /* DecisionTableViewController.m */,
				EEBC257815E7336800E9B704 /* MainStoryboard.storyboard */,
				EEC93D8915F24A4A0009DF91 /* DDayAttributionViewController.h */,
				EEC93D8A15F24A4A0009DF91 /* DDayAttributionViewController.m */,
				EEBC257B15E7336800E9B704 /* AddDecisionViewController.h */,
				EEBC257C15E7336800E9B704 /* AddDecisionViewController.m */,
				EEBC256D15E7336800E9B704 /* Supporting Files */,
				EE1025091676C50400F1A837 /* MoreViewController.h */,
				EE10250A1676C50400F1A837 /* MoreViewController.m */,
			);
			path = DecisionBuddy;
			sourceTree = "<group>";
		};
		EEBC256D15E7336800E9B704 /* Supporting Files */ = {
			isa = PBXGroup;
			children = (
				EE1D732615E918C400CEF7C5 /* images */,
				EEBC256E15E7336800E9B704 /* DecisionBuddy-Info.plist */,
				EEBC256F15E7336800E9B704 /* InfoPlist.strings */,
				EEBC257215E7336800E9B704 /* main.m */,
				EEBC257415E7336800E9B704 /* DecisionBuddy-Prefix.pch */,
			);
			name = "Supporting Files";
			sourceTree = "<group>";
		};
		EEBDB54F162BF8890066CFC6 /* DecisionTests */ = {
			isa = PBXGroup;
			children = (
				EEBDB555162BF8890066CFC6 /* DateUtilTest.h */,
				EEBDB556162BF8890066CFC6 /* DateUtilTest.m */,
				EEBDB550162BF8890066CFC6 /* Supporting Files */,
			);
			path = DecisionTests;
			sourceTree = "<group>";
		};
		EEBDB550162BF8890066CFC6 /* Supporting Files */ = {
			isa = PBXGroup;
			children = (
				EEBDB551162BF8890066CFC6 /* DecisionTests-Info.plist */,
				EEBDB552162BF8890066CFC6 /* InfoPlist.strings */,
				EEBDB558162BF8890066CFC6 /* DecisionTests-Prefix.pch */,
			);
			name = "Supporting Files";
			sourceTree = "<group>";
		};
/* End PBXGroup section */

/* Begin PBXNativeTarget section */
		EEBC256115E7336800E9B704 /* DecisionBuddy */ = {
			isa = PBXNativeTarget;
			buildConfigurationList = EEBC258015E7336800E9B704 /* Build configuration list for PBXNativeTarget "DecisionBuddy" */;
			buildPhases = (
				EEBC255E15E7336800E9B704 /* Sources */,
				EEBC255F15E7336800E9B704 /* Frameworks */,
				EEBC256015E7336800E9B704 /* Resources */,
			);
			buildRules = (
			);
			dependencies = (
			);
			name = DecisionBuddy;
			productName = DecisionBuddy;
			productReference = EEBC256215E7336800E9B704 /* Dezide.app */;
			productType = "com.apple.product-type.application";
		};
		EEBDB54A162BF8890066CFC6 /* DecisionTests */ = {
			isa = PBXNativeTarget;
			buildConfigurationList = EEBDB559162BF8890066CFC6 /* Build configuration list for PBXNativeTarget "DecisionTests" */;
			buildPhases = (
				EEBDB546162BF8890066CFC6 /* Sources */,
				EEBDB547162BF8890066CFC6 /* Frameworks */,
				EEBDB548162BF8890066CFC6 /* Resources */,
				EEBDB549162BF8890066CFC6 /* ShellScript */,
			);
			buildRules = (
			);
			dependencies = (
			);
			name = DecisionTests;
			productName = DecisionTests;
			productReference = EEBDB54B162BF8890066CFC6 /* DecisionTests.octest */;
			productType = "com.apple.product-type.bundle";
		};
/* End PBXNativeTarget section */

/* Begin PBXProject section */
		EEBC255915E7336800E9B704 /* Project object */ = {
			isa = PBXProject;
			attributes = {
				CLASSPREFIX = Decision;
				LastUpgradeCheck = 0440;
				ORGANIZATIONNAME = "Elango Balusamy";
			};
			buildConfigurationList = EEBC255C15E7336800E9B704 /* Build configuration list for PBXProject "DecisionBuddy" */;
			compatibilityVersion = "Xcode 3.2";
			developmentRegion = English;
			hasScannedForEncodings = 0;
			knownRegions = (
				en,
			);
			mainGroup = EEBC255715E7336800E9B704;
			productRefGroup = EEBC256315E7336800E9B704 /* Products */;
			projectDirPath = "";
			projectRoot = "";
			targets = (
				EEBC256115E7336800E9B704 /* DecisionBuddy */,
				EEBDB54A162BF8890066CFC6 /* DecisionTests */,
			);
		};
/* End PBXProject section */

/* Begin PBXResourcesBuildPhase section */
		EEBC256015E7336800E9B704 /* Resources */ = {
			isa = PBXResourcesBuildPhase;
			buildActionMask = 2147483647;
			files = (
				EEBC257115E7336800E9B704 /* InfoPlist.strings in Resources */,
				EEBC257A15E7336800E9B704 /* MainStoryboard.storyboard in Resources */,
				EE1D731915E8C2A400CEF7C5 /* DecisionTableViewCell.xib in Resources */,
				EEF5D70615F5CE4700151E6B /* FacebookSDKResources.bundle in Resources */,
				EE0ABB501615814300C6FA8F /* icon.png in Resources */,
				EE0ABB52161AC13800C6FA8F /* iTunesArtwork.png in Resources */,
				EEA84B6E1635684800C5315F /* footer.png in Resources */,
				EECBF8CE1642ED0000E4B664 /* HighlightsTableViewCell.xib in Resources */,
				EECBF8D0164393B300E4B664 /* what.png in Resources */,
				EECBF8DC1643A9A100E4B664 /* button.png in Resources */,
				EECBF8E0164A92D900E4B664 /* Default-568h@2x.png in Resources */,
				EECBF8E1164A92D900E4B664 /* Default.png in Resources */,
				EECBF8E2164A92D900E4B664 /* Default@2x.png in Resources */,
				EECBF8E4164A9A7E00E4B664 /* background.png in Resources */,
				EEBF871B1675A59A00E77AD7 /* gavel.png in Resources */,
				EEBF871C1675A59A00E77AD7 /* scales.png in Resources */,
				EEBF87211675B44800E77AD7 /* compass.png in Resources */,
				EEBF87221675B44800E77AD7 /* todo.png in Resources */,
				EE102514167717C000F1A837 /* progress-bar-bg.png in Resources */,
				EE102515167717C000F1A837 /* progress-bar-fill.png in Resources */,
				EE10251A16771EEE00F1A837 /* greenblock.png in Resources */,
				EE10251B16771EEE00F1A837 /* redblock.png in Resources */,
				EE10252016772CA100F1A837 /* Icon-Small.png in Resources */,
				EE10252116772CA100F1A837 /* Icon-Small@2x.png in Resources */,
				EE10252216772CA100F1A837 /* Icon@2x.png in Resources */,
				EE10252316772CA100F1A837 /* iTunesArtwork@2x.png in Resources */,
			);
			runOnlyForDeploymentPostprocessing = 0;
		};
		EEBDB548162BF8890066CFC6 /* Resources */ = {
			isa = PBXResourcesBuildPhase;
			buildActionMask = 2147483647;
			files = (
				EEBDB554162BF8890066CFC6 /* InfoPlist.strings in Resources */,
			);
			runOnlyForDeploymentPostprocessing = 0;
		};
/* End PBXResourcesBuildPhase section */

/* Begin PBXShellScriptBuildPhase section */
		EEBDB549162BF8890066CFC6 /* ShellScript */ = {
			isa = PBXShellScriptBuildPhase;
			buildActionMask = 2147483647;
			files = (
			);
			inputPaths = (
			);
			outputPaths = (
			);
			runOnlyForDeploymentPostprocessing = 0;
			shellPath = /bin/sh;
			shellScript = "# Run the unit tests in this test bundle.\n\"${SYSTEM_DEVELOPER_DIR}/Tools/RunUnitTests\"\n";
		};
/* End PBXShellScriptBuildPhase section */

/* Begin PBXSourcesBuildPhase section */
		EEBC255E15E7336800E9B704 /* Sources */ = {
			isa = PBXSourcesBuildPhase;
			buildActionMask = 2147483647;
			files = (
				EEBC257315E7336800E9B704 /* main.m in Sources */,
				EEBC257715E7336800E9B704 /* DecisionAppDelegate.m in Sources */,
				EEBC257D15E7336800E9B704 /* AddDecisionViewController.m in Sources */,
				EEBEC36A15E77C7700D60DF5 /* DecisionTableViewController.m in Sources */,
				EEBEC36E15E77D3B00D60DF5 /* Decision.m in Sources */,
				EEF4A02A15E7AF95009909A8 /* LoginViewController.m in Sources */,
				EE1D731D15E8C40500CEF7C5 /* DecisionTableViewCell.m in Sources */,
				EE1D732915EA478400CEF7C5 /* DecisionOnADay.m in Sources */,
				EE1D732C15EDA63700CEF7C5 /* FilePersistence.m in Sources */,
				EE1D732F15EE15FC00CEF7C5 /* DateUtil.m in Sources */,
				EEC93D8B15F24A4A0009DF91 /* DDayAttributionViewController.m in Sources */,
				EEA84B8F1637BD7900C5315F /* RecentDecisionTableViewController.m in Sources */,
				EEB2DE75163C41E500D60277 /* DCRoundSwitch.m in Sources */,
				EEB2DE76163C41E500D60277 /* DCRoundSwitchKnobLayer.m in Sources */,
				EEB2DE77163C41E500D60277 /* DCRoundSwitchOutlineLayer.m in Sources */,
				EEB2DE78163C41E500D60277 /* DCRoundSwitchToggleLayer.m in Sources */,
				EE29767216428695000330B4 /* HighlightsTableViewCell.m in Sources */,
				EE29767716429376000330B4 /* DecisionHighlight.m in Sources */,
				EE1025051676BF4600F1A837 /* iRate.m in Sources */,
				EE10250B1676C50400F1A837 /* MoreViewController.m in Sources */,
				EE10250E1676EE2600F1A837 /* FacebookTalker.m in Sources */,
			);
			runOnlyForDeploymentPostprocessing = 0;
		};
		EEBDB546162BF8890066CFC6 /* Sources */ = {
			isa = PBXSourcesBuildPhase;
			buildActionMask = 2147483647;
			files = (
				EEBDB557162BF8890066CFC6 /* DateUtilTest.m in Sources */,
				EEBDB55C162BF8A20066CFC6 /* DateUtil.m in Sources */,
				EEBDB562162C06A10066CFC6 /* DDayAttributionViewController.m in Sources */,
			);
			runOnlyForDeploymentPostprocessing = 0;
		};
/* End PBXSourcesBuildPhase section */

/* Begin PBXVariantGroup section */
		EEBC256F15E7336800E9B704 /* InfoPlist.strings */ = {
			isa = PBXVariantGroup;
			children = (
				EEBC257015E7336800E9B704 /* en */,
			);
			name = InfoPlist.strings;
			sourceTree = "<group>";
		};
		EEBC257815E7336800E9B704 /* MainStoryboard.storyboard */ = {
			isa = PBXVariantGroup;
			children = (
				EEBC257915E7336800E9B704 /* en */,
			);
			name = MainStoryboard.storyboard;
			sourceTree = "<group>";
		};
		EEBDB552162BF8890066CFC6 /* InfoPlist.strings */ = {
			isa = PBXVariantGroup;
			children = (
				EEBDB553162BF8890066CFC6 /* en */,
			);
			name = InfoPlist.strings;
			sourceTree = "<group>";
		};
/* End PBXVariantGroup section */

/* Begin XCBuildConfiguration section */
		EEBC257E15E7336800E9B704 /* Debug */ = {
			isa = XCBuildConfiguration;
			buildSettings = {
				ALWAYS_SEARCH_USER_PATHS = NO;
				ARCHS = "$(ARCHS_STANDARD_32_BIT)";
				CLANG_CXX_LANGUAGE_STANDARD = "gnu++0x";
				CLANG_ENABLE_OBJC_ARC = YES;
				CLANG_WARN__DUPLICATE_METHOD_MATCH = YES;
				COPY_PHASE_STRIP = NO;
				FRAMEWORK_SEARCH_PATHS = (
					"$(inherited)",
					"\"$(SRCROOT)/../../Documents/FacebookSDK\"",
				);
				GCC_C_LANGUAGE_STANDARD = gnu99;
				GCC_DYNAMIC_NO_PIC = NO;
				GCC_OPTIMIZATION_LEVEL = 0;
				GCC_PREPROCESSOR_DEFINITIONS = (
					"DEBUG=1",
					"$(inherited)",
				);
				GCC_SYMBOLS_PRIVATE_EXTERN = NO;
				GCC_VERSION = com.apple.compilers.llvm.clang.1_0;
				GCC_WARN_ABOUT_RETURN_TYPE = YES;
				GCC_WARN_UNINITIALIZED_AUTOS = YES;
				GCC_WARN_UNUSED_VARIABLE = YES;
				HEADER_SEARCH_PATHS = /Users/elangobalusamy/gitspace/cal/tapkulibrary/src;
				IPHONEOS_DEPLOYMENT_TARGET = 5.0;
				PRODUCT_NAME = Dezide;
				SDKROOT = iphoneos;
			};
			name = Debug;
		};
		EEBC257F15E7336800E9B704 /* Release */ = {
			isa = XCBuildConfiguration;
			buildSettings = {
				ALWAYS_SEARCH_USER_PATHS = NO;
				ARCHS = "$(ARCHS_STANDARD_32_BIT)";
				CLANG_CXX_LANGUAGE_STANDARD = "gnu++0x";
				CLANG_ENABLE_OBJC_ARC = YES;
				CLANG_WARN__DUPLICATE_METHOD_MATCH = YES;
				CODE_SIGN_IDENTITY = "";
				COPY_PHASE_STRIP = YES;
				FRAMEWORK_SEARCH_PATHS = (
					"$(inherited)",
					"\"$(SRCROOT)/../../Documents/FacebookSDK\"",
				);
				GCC_C_LANGUAGE_STANDARD = gnu99;
				GCC_VERSION = com.apple.compilers.llvm.clang.1_0;
				GCC_WARN_ABOUT_RETURN_TYPE = YES;
				GCC_WARN_UNINITIALIZED_AUTOS = YES;
				GCC_WARN_UNUSED_VARIABLE = YES;
				HEADER_SEARCH_PATHS = /Users/elangobalusamy/gitspace/cal/tapkulibrary/src;
				IPHONEOS_DEPLOYMENT_TARGET = 5.0;
				OTHER_CFLAGS = "-DNS_BLOCK_ASSERTIONS=1";
				PRODUCT_NAME = Dezide;
				SDKROOT = iphoneos;
				VALIDATE_PRODUCT = YES;
			};
			name = Release;
		};
		EEBC258115E7336800E9B704 /* Debug */ = {
			isa = XCBuildConfiguration;
			buildSettings = {
				CODE_SIGN_IDENTITY = "iPhone Developer";
				FRAMEWORK_SEARCH_PATHS = "$(inherited)";
				GCC_PRECOMPILE_PREFIX_HEADER = YES;
				GCC_PREFIX_HEADER = "DecisionBuddy/DecisionBuddy-Prefix.pch";
				HEADER_SEARCH_PATHS = "$(inherited)";
				INFOPLIST_FILE = "DecisionBuddy/DecisionBuddy-Info.plist";
				IPHONEOS_DEPLOYMENT_TARGET = 5.0;
				New_Setting = "";
				OTHER_LDFLAGS = (
					"-all_load",
					"-ObjC",
					"-lsqlite3.0",
				);
				PRODUCT_NAME = Dezide;
				PROVISIONING_PROFILE = "";
				TARGETED_DEVICE_FAMILY = 1;
				WRAPPER_EXTENSION = app;
			};
			name = Debug;
		};
		EEBC258215E7336800E9B704 /* Release */ = {
			isa = XCBuildConfiguration;
			buildSettings = {
				CODE_SIGN_IDENTITY = "iPhone Distribution";
				FRAMEWORK_SEARCH_PATHS = "$(inherited)";
				GCC_PRECOMPILE_PREFIX_HEADER = YES;
				GCC_PREFIX_HEADER = "DecisionBuddy/DecisionBuddy-Prefix.pch";
				HEADER_SEARCH_PATHS = "$(inherited)";
				INFOPLIST_FILE = "DecisionBuddy/DecisionBuddy-Info.plist";
				IPHONEOS_DEPLOYMENT_TARGET = 5.0;
				New_Setting = "";
				OTHER_LDFLAGS = (
					"-all_load",
					"-ObjC",
					"-lsqlite3.0",
				);
				PRODUCT_NAME = Dezide;
				PROVISIONING_PROFILE = "";
				TARGETED_DEVICE_FAMILY = 1;
				WRAPPER_EXTENSION = app;
			};
			name = Release;
		};
		EEBDB55A162BF8890066CFC6 /* Debug */ = {
			isa = XCBuildConfiguration;
			buildSettings = {
				FRAMEWORK_SEARCH_PATHS = (
					"\"$(SDKROOT)/Developer/Library/Frameworks\"",
					"\"$(DEVELOPER_LIBRARY_DIR)/Frameworks\"",
					"$(inherited)",
					"\"$(SRCROOT)/../../Documents/FacebookSDK\"",
				);
				GCC_PRECOMPILE_PREFIX_HEADER = YES;
				GCC_PREFIX_HEADER = "DecisionTests/DecisionTests-Prefix.pch";
				HEADER_SEARCH_PATHS = "$(inherited)";
				INFOPLIST_FILE = "DecisionTests/DecisionTests-Info.plist";
				LIBRARY_SEARCH_PATHS = "$(inherited)";
				OTHER_LDFLAGS = (
					"-all_load",
					"-ObjC",
					"-lsqlite3.0",
				);
				PRODUCT_NAME = "$(TARGET_NAME)";
				WRAPPER_EXTENSION = octest;
			};
			name = Debug;
		};
		EEBDB55B162BF8890066CFC6 /* Release */ = {
			isa = XCBuildConfiguration;
			buildSettings = {
				FRAMEWORK_SEARCH_PATHS = (
					"\"$(SDKROOT)/Developer/Library/Frameworks\"",
					"\"$(DEVELOPER_LIBRARY_DIR)/Frameworks\"",
					"$(inherited)",
					"\"$(SRCROOT)/../../Documents/FacebookSDK\"",
				);
				GCC_PRECOMPILE_PREFIX_HEADER = YES;
				GCC_PREFIX_HEADER = "DecisionTests/DecisionTests-Prefix.pch";
				HEADER_SEARCH_PATHS = "$(inherited)";
				INFOPLIST_FILE = "DecisionTests/DecisionTests-Info.plist";
				LIBRARY_SEARCH_PATHS = "$(inherited)";
				OTHER_LDFLAGS = (
					"-all_load",
					"-ObjC",
					"-lsqlite3.0",
				);
				PRODUCT_NAME = "$(TARGET_NAME)";
				WRAPPER_EXTENSION = octest;
			};
			name = Release;
		};
/* End XCBuildConfiguration section */

/* Begin XCConfigurationList section */
		EEBC255C15E7336800E9B704 /* Build configuration list for PBXProject "DecisionBuddy" */ = {
			isa = XCConfigurationList;
			buildConfigurations = (
				EEBC257E15E7336800E9B704 /* Debug */,
				EEBC257F15E7336800E9B704 /* Release */,
			);
			defaultConfigurationIsVisible = 0;
			defaultConfigurationName = Release;
		};
		EEBC258015E7336800E9B704 /* Build configuration list for PBXNativeTarget "DecisionBuddy" */ = {
			isa = XCConfigurationList;
			buildConfigurations = (
				EEBC258115E7336800E9B704 /* Debug */,
				EEBC258215E7336800E9B704 /* Release */,
			);
			defaultConfigurationIsVisible = 0;
			defaultConfigurationName = Release;
		};
		EEBDB559162BF8890066CFC6 /* Build configuration list for PBXNativeTarget "DecisionTests" */ = {
			isa = XCConfigurationList;
			buildConfigurations = (
				EEBDB55A162BF8890066CFC6 /* Debug */,
				EEBDB55B162BF8890066CFC6 /* Release */,
			);
			defaultConfigurationIsVisible = 0;
			defaultConfigurationName = Release;
		};
/* End XCConfigurationList section */
	};
	rootObject = EEBC255915E7336800E9B704 /* Project object */;
}
